
Microsoft Visual Studio Solution File, Format Version 12.00
# Visual Studio 15
Project("{FAE04EC0-301F-11D3-BF4B-00C04F79EFBC}") = "Assembly-CSharp", "Assembly-CSharp.csproj", "{22B8987E-EEE5-89A8-98D1-312D1416270C}"
EndProject
Project("{FAE04EC0-301F-11D3-BF4B-00C04F79EFBC}") = "Assembly-CSharp-Editor", "Assembly-CSharp-Editor.csproj", "{3EDCB2F1-7FA1-5C2A-5BE2-EFC6A469EE20}"
EndProject
Global
	GlobalSection(SolutionConfigurationPlatforms) = preSolution
		Debug|Any CPU = Debug|Any CPU
		Release|Any CPU = Release|Any CPU
	EndGlobalSection
	GlobalSection(ProjectConfigurationPlatforms) = postSolution
		{22B8987E-EEE5-89A8-98D1-312D1416270C}.Debug|Any CPU.ActiveCfg = Debug|Any CPU
		{22B8987E-EEE5-89A8-98D1-312D1416270C}.Debug|Any CPU.Build.0 = Debug|Any CPU
		{22B8987E-EEE5-89A8-98D1-312D1416270C}.Release|Any CPU.ActiveCfg = Release|Any CPU
		{22B8987E-EEE5-89A8-98D1-312D1416270C}.Release|Any CPU.Build.0 = Release|Any CPU
		{3EDCB2F1-7FA1-5C2A-5BE2-EFC6A469EE20}.Debug|Any CPU.ActiveCfg = Debug|Any CPU
		{3EDCB2F1-7FA1-5C2A-5BE2-EFC6A469EE20}.Debug|Any CPU.Build.0 = Debug|Any CPU
		{3EDCB2F1-7FA1-5C2A-5BE2-EFC6A469EE20}.Release|Any CPU.ActiveCfg = Release|Any CPU
		{3EDCB2F1-7FA1-5C2A-5BE2-EFC6A469EE20}.Release|Any CPU.Build.0 = Release|Any CPU
	EndGlobalSection
	GlobalSection(SolutionProperties) = preSolution
		HideSolutionNode = FALSE
	EndGlobalSection
EndGlobal
